
Microsoft Visual Studio Solution File, Format Version 12.00
Project("{FAE04EC0-301F-11D3-BF4B-00C04F79EFBC}") = "BowlingApp.Test", "BowlingApp.Test\BowlingApp.Test.csproj", "{04871E8A-2F44-474C-B2C2-641678E80F05}"
EndProject
Project("{FAE04EC0-301F-11D3-BF4B-00C04F79EFBC}") = "BowlingApp", "BowlingApp\BowlingApp.csproj", "{0A08FEC5-9731-4429-9DC3-0BDECECB0C62}"
EndProject
Global
	GlobalSection(SolutionConfigurationPlatforms) = preSolution
		Debug|Any CPU = Debug|Any CPU
		Release|Any CPU = Release|Any CPU
	EndGlobalSection
	GlobalSection(ProjectConfigurationPlatforms) = postSolution
		{04871E8A-2F44-474C-B2C2-641678E80F05}.Debug|Any CPU.ActiveCfg = Debug|Any CPU
		{04871E8A-2F44-474C-B2C2-641678E80F05}.Debug|Any CPU.Build.0 = Debug|Any CPU
		{04871E8A-2F44-474C-B2C2-641678E80F05}.Release|Any CPU.ActiveCfg = Release|Any CPU
		{04871E8A-2F44-474C-B2C2-641678E80F05}.Release|Any CPU.Build.0 = Release|Any CPU
		{0A08FEC5-9731-4429-9DC3-0BDECECB0C62}.Debug|Any CPU.ActiveCfg = Debug|Any CPU
		{0A08FEC5-9731-4429-9DC3-0BDECECB0C62}.Debug|Any CPU.Build.0 = Debug|Any CPU
		{0A08FEC5-9731-4429-9DC3-0BDECECB0C62}.Release|Any CPU.ActiveCfg = Release|Any CPU
		{0A08FEC5-9731-4429-9DC3-0BDECECB0C62}.Release|Any CPU.Build.0 = Release|Any CPU
	EndGlobalSection
EndGlobal
